
Microsoft Visual Studio Solution File, Format Version 12.00
# Visual Studio Version 17
VisualStudioVersion = 17.5.002.0
MinimumVisualStudioVersion = 10.0.40219.1
Project("{9A19103F-16F7-4668-BE54-9A1E7A4F7556}") = "app", "app.csproj", "{A1362B93-26A7-44E2-9A38-04F9F37CA4D3}"
EndProject
Global
	GlobalSection(SolutionConfigurationPlatforms) = preSolution
		Debug|Any CPU = Debug|Any CPU
		Release|Any CPU = Release|Any CPU
	EndGlobalSection
	GlobalSection(ProjectConfigurationPlatforms) = postSolution
		{A1362B93-26A7-44E2-9A38-04F9F37CA4D3}.Debug|Any CPU.ActiveCfg = Debug|Any CPU
		{A1362B93-26A7-44E2-9A38-04F9F37CA4D3}.Debug|Any CPU.Build.0 = Debug|Any CPU
		{A1362B93-26A7-44E2-9A38-04F9F37CA4D3}.Release|Any CPU.ActiveCfg = Release|Any CPU
		{A1362B93-26A7-44E2-9A38-04F9F37CA4D3}.Release|Any CPU.Build.0 = Release|Any CPU
	EndGlobalSection
	GlobalSection(SolutionProperties) = preSolution
		HideSolutionNode = FALSE
	EndGlobalSection
	GlobalSection(ExtensibilityGlobals) = postSolution
		SolutionGuid = {7FAE4A50-0CBB-4B2B-9D2E-D1D1E4AB4CC6}
	EndGlobalSection
EndGlobal
